
Microsoft Visual Studio Solution File, Format Version 12.00
# Visual Studio Version 17
VisualStudioVersion = 17.2.32630.192
MinimumVisualStudioVersion = 10.0.40219.1
Project("{FAE04EC0-301F-11D3-BF4B-00C04F79EFBC}") = "SimpleGame", "SimpleGame\SimpleGame.csproj", "{ABDE817B-2A76-4574-83BE-38D64A7C8249}"
EndProject
Global
	GlobalSection(SolutionConfigurationPlatforms) = preSolution
		Debug|Any CPU = Debug|Any CPU
		Release|Any CPU = Release|Any CPU
	EndGlobalSection
	GlobalSection(ProjectConfigurationPlatforms) = postSolution
		{ABDE817B-2A76-4574-83BE-38D64A7C8249}.Debug|Any CPU.ActiveCfg = Debug|Any CPU
		{ABDE817B-2A76-4574-83BE-38D64A7C8249}.Debug|Any CPU.Build.0 = Debug|Any CPU
		{ABDE817B-2A76-4574-83BE-38D64A7C8249}.Release|Any CPU.ActiveCfg = Release|Any CPU
		{ABDE817B-2A76-4574-83BE-38D64A7C8249}.Release|Any CPU.Build.0 = Release|Any CPU
	EndGlobalSection
	GlobalSection(SolutionProperties) = preSolution
		HideSolutionNode = FALSE
	EndGlobalSection
	GlobalSection(ExtensibilityGlobals) = postSolution
		SolutionGuid = {00011C97-38D4-4740-B173-4A29F4BD807B}
	EndGlobalSection
EndGlobal
